PODS:
  - Alamofire (5.6.2)
  - Realm (10.28.2):
    - Realm/Headers (= 10.28.2)
  - Realm/Headers (10.28.2)
  - RealmSwift (10.28.2):
    - Realm (= 10.28.2)
  - SDWebImage (5.13.2):
    - SDWebImage/Core (= 5.13.2)
  - SDWebImage/Core (5.13.2)
  - youtube-ios-player-helper-swift (1.1)

DEPENDENCIES:
  - Alamofire
  - RealmSwift
  - SDWebImage (~> 5.0)
  - youtube-ios-player-helper-swift

SPEC REPOS:
  trunk:
    - Alamofire
    - Realm
    - RealmSwift
    - SDWebImage
    - youtube-ios-player-helper-swift

SPEC CHECKSUMS:
  Alamofire: d368e1ff8a298e6dde360e35a3e68e6c610e7204
  Realm: e617c54ad0f566b3d0f6a2abae7010de05f252ac
  RealmSwift: 8a516a8759d80d52ebcec1ff1076f5f5159f98b2
  SDWebImage: 72f86271a6f3139cc7e4a89220946489d4b9a866
  youtube-ios-player-helper-swift: 51a3c5325317c8271d0c7985c1bbe5a252ffb2fd

PODFILE CHECKSUM: 9436eb5fe7975fa602a8de267dd9b8edbc6f2b43

COCOAPODS: 1.11.3
